// !$*UTF8*$!
{
	archiveVersion = 1;
	classes = {
	};
	objectVersion = 56;
	objects = {

/* Begin PBXBuildFile section */
		DF19A96329575AF20082395A /* AppDelegate.swift in Sources */ = {isa = PBXBuildFile; fileRef = DF19A96229575AF20082395A /* AppDelegate.swift */; };
		DF19A96529575AF20082395A /* SceneDelegate.swift in Sources */ = {isa = PBXBuildFile; fileRef = DF19A96429575AF20082395A /* SceneDelegate.swift */; };
		DF19A96729575AF20082395A /* ViewController.swift in Sources */ = {isa = PBXBuildFile; fileRef = DF19A96629575AF20082395A /* ViewController.swift */; };
		DF19A96A29575AF20082395A /* Main.storyboard in Resources */ = {isa = PBXBuildFile; fileRef = DF19A96829575AF20082395A /* Main.storyboard */; };
		DF19A96D29575AF20082395A /* MLC_Waikiki.xcdatamodeld in Sources */ = {isa = PBXBuildFile; fileRef = DF19A96B29575AF20082395A /* MLC_Waikiki.xcdatamodeld */; };
		DF19A96F29575AF30082395A /* Assets.xcassets in Resources */ = {isa = PBXBuildFile; fileRef = DF19A96E29575AF30082395A /* Assets.xcassets */; };
		DF19A97229575AF30082395A /* LaunchScreen.storyboard in Resources */ = {isa = PBXBuildFile; fileRef = DF19A97029575AF30082395A /* LaunchScreen.storyboard */; };
		DF4CECD129577938002D194D /* Service.swift in Sources */ = {isa = PBXBuildFile; fileRef = DF4CECD029577937002D194D /* Service.swift */; };
		DF4CECD429577B2F002D194D /* Alamofire in Frameworks */ = {isa = PBXBuildFile; productRef = DF4CECD329577B2F002D194D /* Alamofire */; };
		DFCF813A29587DF0004C9080 /* ModalViewController.swift in Sources */ = {isa = PBXBuildFile; fileRef = DFCF813929587DF0004C9080 /* ModalViewController.swift */; };
		DFE778542957616400EAF695 /* CustomTableViewCell.swift in Sources */ = {isa = PBXBuildFile; fileRef = DFE778522957616400EAF695 /* CustomTableViewCell.swift */; };
		DFE778552957616400EAF695 /* CustomTableViewCell.xib in Resources */ = {isa = PBXBuildFile; fileRef = DFE778532957616400EAF695 /* CustomTableViewCell.xib */; };
/* End PBXBuildFile section */

/* Begin PBXFileReference section */
		DF19A95F29575AF20082395A /* Project H.app */ = {isa = PBXFileReference; explicitFileType = wrapper.application; includeInIndex = 0; path = "Project H.app"; sourceTree = BUILT_PRODUCTS_DIR; };
		DF19A96229575AF20082395A /* AppDelegate.swift */ = {isa = PBXFileReference; lastKnownFileType = sourcecode.swift; path = AppDelegate.swift; sourceTree = "<group>"; };
		DF19A96429575AF20082395A /* SceneDelegate.swift */ = {isa = PBXFileReference; lastKnownFileType = sourcecode.swift; path = SceneDelegate.swift; sourceTree = "<group>"; };
		DF19A96629575AF20082395A /* ViewController.swift */ = {isa = PBXFileReference; lastKnownFileType = sourcecode.swift; path = ViewController.swift; sourceTree = "<group>"; };
		DF19A96929575AF20082395A /* Base */ = {isa = PBXFileReference; lastKnownFileType = file.storyboard; name = Base; path = Base.lproj/Main.storyboard; sourceTree = "<group>"; };
		DF19A96C29575AF20082395A /* MLC_Waikiki.xcdatamodel */ = {isa = PBXFileReference; lastKnownFileType = wrapper.xcdatamodel; path = MLC_Waikiki.xcdatamodel; sourceTree = "<group>"; };
		DF19A96E29575AF30082395A /* Assets.xcassets */ = {isa = PBXFileReference; lastKnownFileType = folder.assetcatalog; path = Assets.xcassets; sourceTree = "<group>"; };
		DF19A97129575AF30082395A /* Base */ = {isa = PBXFileReference; lastKnownFileType = file.storyboard; name = Base; path = Base.lproj/LaunchScreen.storyboard; sourceTree = "<group>"; };
		DF19A97329575AF30082395A /* Info.plist */ = {isa = PBXFileReference; lastKnownFileType = text.plist.xml; path = Info.plist; sourceTree = "<group>"; };
		DF4CECD029577937002D194D /* Service.swift */ = {isa = PBXFileReference; lastKnownFileType = sourcecode.swift; path = Service.swift; sourceTree = "<group>"; };
		DFCF813929587DF0004C9080 /* ModalViewController.swift */ = {isa = PBXFileReference; lastKnownFileType = sourcecode.swift; path = ModalViewController.swift; sourceTree = "<group>"; };
		DFE778522957616400EAF695 /* CustomTableViewCell.swift */ = {isa = PBXFileReference; lastKnownFileType = sourcecode.swift; path = CustomTableViewCell.swift; sourceTree = "<group>"; };
		DFE778532957616400EAF695 /* CustomTableViewCell.xib */ = {isa = PBXFileReference; lastKnownFileType = file.xib; path = CustomTableViewCell.xib; sourceTree = "<group>"; };
/* End PBXFileReference section */

/* Begin PBXFrameworksBuildPhase section */
		DF19A95C29575AF20082395A /* Frameworks */ = {
			isa = PBXFrameworksBuildPhase;
			buildActionMask = 2147483647;
			files = (
				DF4CECD429577B2F002D194D /* Alamofire in Frameworks */,
			);
			runOnlyForDeploymentPostprocessing = 0;
		};
/* End PBXFrameworksBuildPhase section */

/* Begin PBXGroup section */
		DF19A95629575AF20082395A = {
			isa = PBXGroup;
			children = (
				DF19A96129575AF20082395A /* Project H */,
				DF19A96029575AF20082395A /* Products */,
			);
			sourceTree = "<group>";
		};
		DF19A96029575AF20082395A /* Products */ = {
			isa = PBXGroup;
			children = (
				DF19A95F29575AF20082395A /* Project H.app */,
			);
			name = Products;
			sourceTree = "<group>";
		};
		DF19A96129575AF20082395A /* Project H */ = {
			isa = PBXGroup;
			children = (
				DF19A96229575AF20082395A /* AppDelegate.swift */,
				DF19A96429575AF20082395A /* SceneDelegate.swift */,
				DF19A96629575AF20082395A /* ViewController.swift */,
				DF19A96829575AF20082395A /* Main.storyboard */,
				DF19A96E29575AF30082395A /* Assets.xcassets */,
				DF19A97029575AF30082395A /* LaunchScreen.storyboard */,
				DF19A97329575AF30082395A /* Info.plist */,
				DF19A96B29575AF20082395A /* MLC_Waikiki.xcdatamodeld */,
				DFE778522957616400EAF695 /* CustomTableViewCell.swift */,
				DFE778532957616400EAF695 /* CustomTableViewCell.xib */,
				DF4CECD029577937002D194D /* Service.swift */,
				DFCF813929587DF0004C9080 /* ModalViewController.swift */,
			);
			path = "Project H";
			sourceTree = "<group>";
		};
/* End PBXGroup section */

/* Begin PBXNativeTarget section */
		DF19A95E29575AF20082395A /* Project H */ = {
			isa = PBXNativeTarget;
			buildConfigurationList = DF19A97629575AF30082395A /* Build configuration list for PBXNativeTarget "Project H" */;
			buildPhases = (
				DF19A95B29575AF20082395A /* Sources */,
				DF19A95C29575AF20082395A /* Frameworks */,
				DF19A95D29575AF20082395A /* Resources */,
			);
			buildRules = (
			);
			dependencies = (
			);
			name = "Project H";
			packageProductDependencies = (
				DF4CECD329577B2F002D194D /* Alamofire */,
			);
			productName = "MLC Waikiki";
			productReference = DF19A95F29575AF20082395A /* Project H.app */;
			productType = "com.apple.product-type.application";
		};
/* End PBXNativeTarget section */

/* Begin PBXProject section */
		DF19A95729575AF20082395A /* Project object */ = {
			isa = PBXProject;
			attributes = {
				BuildIndependentTargetsInParallel = 1;
				LastSwiftUpdateCheck = 1420;
				LastUpgradeCheck = 1420;
				TargetAttributes = {
					DF19A95E29575AF20082395A = {
						CreatedOnToolsVersion = 14.2;
					};
				};
			};
			buildConfigurationList = DF19A95A29575AF20082395A /* Build configuration list for PBXProject "Project H" */;
			compatibilityVersion = "Xcode 14.0";
			developmentRegion = en;
			hasScannedForEncodings = 0;
			knownRegions = (
				en,
				Base,
			);
			mainGroup = DF19A95629575AF20082395A;
			packageReferences = (
				DF4CECD229577B2F002D194D /* XCRemoteSwiftPackageReference "Alamofire" */,
			);
			productRefGroup = DF19A96029575AF20082395A /* Products */;
			projectDirPath = "";
			projectRoot = "";
			targets = (
				DF19A95E29575AF20082395A /* Project H */,
			);
		};
/* End PBXProject section */

/* Begin PBXResourcesBuildPhase section */
		DF19A95D29575AF20082395A /* Resources */ = {
			isa = PBXResourcesBuildPhase;
			buildActionMask = 2147483647;
			files = (
				DF19A97229575AF30082395A /* LaunchScreen.storyboard in Resources */,
				DF19A96F29575AF30082395A /* Assets.xcassets in Resources */,
				DFE778552957616400EAF695 /* CustomTableViewCell.xib in Resources */,
				DF19A96A29575AF20082395A /* Main.storyboard in Resources */,
			);
			runOnlyForDeploymentPostprocessing = 0;
		};
/* End PBXResourcesBuildPhase section */

/* Begin PBXSourcesBuildPhase section */
		DF19A95B29575AF20082395A /* Sources */ = {
			isa = PBXSourcesBuildPhase;
			buildActionMask = 2147483647;
			files = (
				DF19A96D29575AF20082395A /* MLC_Waikiki.xcdatamodeld in Sources */,
				DFE778542957616400EAF695 /* CustomTableViewCell.swift in Sources */,
				DF19A96729575AF20082395A /* ViewController.swift in Sources */,
				DF19A96329575AF20082395A /* AppDelegate.swift in Sources */,
				DF19A96529575AF20082395A /* SceneDelegate.swift in Sources */,
				DF4CECD129577938002D194D /* Service.swift in Sources */,
				DFCF813A29587DF0004C9080 /* ModalViewController.swift in Sources */,
			);
			runOnlyForDeploymentPostprocessing = 0;
		};
/* End PBXSourcesBuildPhase section */

/* Begin PBXVariantGroup section */
		DF19A96829575AF20082395A /* Main.storyboard */ = {
			isa = PBXVariantGroup;
			children = (
				DF19A96929575AF20082395A /* Base */,
			);
			name = Main.storyboard;
			sourceTree = "<group>";
		};
		DF19A97029575AF30082395A /* LaunchScreen.storyboard */ = {
			isa = PBXVariantGroup;
			children = (
				DF19A97129575AF30082395A /* Base */,
			);
			name = LaunchScreen.storyboard;
			sourceTree = "<group>";
		};
/* End PBXVariantGroup section */

/* Begin XCBuildConfiguration section */
		DF19A97429575AF30082395A /* Debug */ = {
			isa = XCBuildConfiguration;
			buildSettings = {
				ALWAYS_SEARCH_USER_PATHS = NO;
				CLANG_ANALYZER_NONNULL = YES;
				CLANG_ANALYZER_NUMBER_OBJECT_CONVERSION = YES_AGGRESSIVE;
				CLANG_CXX_LANGUAGE_STANDARD = "gnu++20";
				CLANG_ENABLE_MODULES = YES;
				CLANG_ENABLE_OBJC_ARC = YES;
				CLANG_ENABLE_OBJC_WEAK = YES;
				CLANG_WARN_BLOCK_CAPTURE_AUTORELEASING = YES;
				CLANG_WARN_BOOL_CONVERSION = YES;
				CLANG_WARN_COMMA = YES;
				CLANG_WARN_CONSTANT_CONVERSION = YES;
				CLANG_WARN_DEPRECATED_OBJC_IMPLEMENTATIONS = YES;
				CLANG_WARN_DIRECT_OBJC_ISA_USAGE = YES_ERROR;
				CLANG_WARN_DOCUMENTATION_COMMENTS = YES;
				CLANG_WARN_EMPTY_BODY = YES;
				CLANG_WARN_ENUM_CONVERSION = YES;
				CLANG_WARN_INFINITE_RECURSION = YES;
				CLANG_WARN_INT_CONVERSION = YES;
				CLANG_WARN_NON_LITERAL_NULL_CONVERSION = YES;
				CLANG_WARN_OBJC_IMPLICIT_RETAIN_SELF = YES;
				CLANG_WARN_OBJC_LITERAL_CONVERSION = YES;
				CLANG_WARN_OBJC_ROOT_CLASS = YES_ERROR;
				CLANG_WARN_QUOTED_INCLUDE_IN_FRAMEWORK_HEADER = YES;
				CLANG_WARN_RANGE_LOOP_ANALYSIS = YES;
				CLANG_WARN_STRICT_PROTOTYPES = YES;
				CLANG_WARN_SUSPICIOUS_MOVE = YES;
				CLANG_WARN_UNGUARDED_AVAILABILITY = YES_AGGRESSIVE;
				CLANG_WARN_UNREACHABLE_CODE = YES;
				CLANG_WARN__DUPLICATE_METHOD_MATCH = YES;
				COPY_PHASE_STRIP = NO;
				DEBUG_INFORMATION_FORMAT = dwarf;
				ENABLE_STRICT_OBJC_MSGSEND = YES;
				ENABLE_TESTABILITY = YES;
				GCC_C_LANGUAGE_STANDARD = gnu11;
				GCC_DYNAMIC_NO_PIC = NO;
				GCC_NO_COMMON_BLOCKS = YES;
				GCC_OPTIMIZATION_LEVEL = 0;
				GCC_PREPROCESSOR_DEFINITIONS = (
					"DEBUG=1",
					"$(inherited)",
				);
				GCC_WARN_64_TO_32_BIT_CONVERSION = YES;
				GCC_WARN_ABOUT_RETURN_TYPE = YES_ERROR;
				GCC_WARN_UNDECLARED_SELECTOR = YES;
				GCC_WARN_UNINITIALIZED_AUTOS = YES_AGGRESSIVE;
				GCC_WARN_UNUSED_FUNCTION = YES;
				GCC_WARN_UNUSED_VARIABLE = YES;
				IPHONEOS_DEPLOYMENT_TARGET = 16.2;
				MTL_ENABLE_DEBUG_INFO = INCLUDE_SOURCE;
				MTL_FAST_MATH = YES;
				ONLY_ACTIVE_ARCH = YES;
				SDKROOT = iphoneos;
				SWIFT_ACTIVE_COMPILATION_CONDITIONS = DEBUG;
				SWIFT_OPTIMIZATION_LEVEL = "-Onone";
			};
			name = Debug;
		};
		DF19A97529575AF30082395A /* Release */ = {
			isa = XCBuildConfiguration;
			buildSettings = {
				ALWAYS_SEARCH_USER_PATHS = NO;
				CLANG_ANALYZER_NONNULL = YES;
				CLANG_ANALYZER_NUMBER_OBJECT_CONVERSION = YES_AGGRESSIVE;
				CLANG_CXX_LANGUAGE_STANDARD = "gnu++20";
				CLANG_ENABLE_MODULES = YES;
				CLANG_ENABLE_OBJC_ARC = YES;
				CLANG_ENABLE_OBJC_WEAK = YES;
				CLANG_WARN_BLOCK_CAPTURE_AUTORELEASING = YES;
				CLANG_WARN_BOOL_CONVERSION = YES;
				CLANG_WARN_COMMA = YES;
				CLANG_WARN_CONSTANT_CONVERSION = YES;
				CLANG_WARN_DEPRECATED_OBJC_IMPLEMENTATIONS = YES;
				CLANG_WARN_DIRECT_OBJC_ISA_USAGE = YES_ERROR;
				CLANG_WARN_DOCUMENTATION_COMMENTS = YES;
				CLANG_WARN_EMPTY_BODY = YES;
				CLANG_WARN_ENUM_CONVERSION = YES;
				CLANG_WARN_INFINITE_RECURSION = YES;
				CLANG_WARN_INT_CONVERSION = YES;
				CLANG_WARN_NON_LITERAL_NULL_CONVERSION = YES;
				CLANG_WARN_OBJC_IMPLICIT_RETAIN_SELF = YES;
				CLANG_WARN_OBJC_LITERAL_CONVERSION = YES;
				CLANG_WARN_OBJC_ROOT_CLASS = YES_ERROR;
				CLANG_WARN_QUOTED_INCLUDE_IN_FRAMEWORK_HEADER = YES;
				CLANG_WARN_RANGE_LOOP_ANALYSIS = YES;
				CLANG_WARN_STRICT_PROTOTYPES = YES;
				CLANG_WARN_SUSPICIOUS_MOVE = YES;
				CLANG_WARN_UNGUARDED_AVAILABILITY = YES_AGGRESSIVE;
				CLANG_WARN_UNREACHABLE_CODE = YES;
				CLANG_WARN__DUPLICATE_METHOD_MATCH = YES;
				COPY_PHASE_STRIP = NO;
				DEBUG_INFORMATION_FORMAT = "dwarf-with-dsym";
				ENABLE_NS_ASSERTIONS = NO;
				ENABLE_STRICT_OBJC_MSGSEND = YES;
				GCC_C_LANGUAGE_STANDARD = gnu11;
				GCC_NO_COMMON_BLOCKS = YES;
				GCC_WARN_64_TO_32_BIT_CONVERSION = YES;
				GCC_WARN_ABOUT_RETURN_TYPE = YES_ERROR;
				GCC_WARN_UNDECLARED_SELECTOR = YES;
				GCC_WARN_UNINITIALIZED_AUTOS = YES_AGGRESSIVE;
				GCC_WARN_UNUSED_FUNCTION = YES;
				GCC_WARN_UNUSED_VARIABLE = YES;
				IPHONEOS_DEPLOYMENT_TARGET = 16.2;
				MTL_ENABLE_DEBUG_INFO = NO;
				MTL_FAST_MATH = YES;
				SDKROOT = iphoneos;
				SWIFT_COMPILATION_MODE = wholemodule;
				SWIFT_OPTIMIZATION_LEVEL = "-O";
				VALIDATE_PRODUCT = YES;
			};
			name = Release;
		};
		DF19A97729575AF30082395A /* Debug */ = {
			isa = XCBuildConfiguration;
			buildSettings = {
				ASSETCATALOG_COMPILER_APPICON_NAME = AppIcon;
				ASSETCATALOG_COMPILER_GLOBAL_ACCENT_COLOR_NAME = AccentColor;
				CODE_SIGN_STYLE = Automatic;
				CURRENT_PROJECT_VERSION = 1;
				GENERATE_INFOPLIST_FILE = YES;
				INFOPLIST_FILE = "MLC Waikiki/Info.plist";
				INFOPLIST_KEY_UIApplicationSupportsIndirectInputEvents = YES;
				INFOPLIST_KEY_UILaunchStoryboardName = LaunchScreen;
				INFOPLIST_KEY_UIMainStoryboardFile = Main;
				INFOPLIST_KEY_UISupportedInterfaceOrientations_iPad = "UIInterfaceOrientationPortrait UIInterfaceOrientationPortraitUpsideDown UIInterfaceOrientationLandscapeLeft UIInterfaceOrientationLandscapeRight";
				INFOPLIST_KEY_UISupportedInterfaceOrientations_iPhone = "UIInterfaceOrientationPortrait UIInterfaceOrientationLandscapeLeft UIInterfaceOrientationLandscapeRight";
				LD_RUNPATH_SEARCH_PATHS = (
					"$(inherited)",
					"@executable_path/Frameworks",
				);
				MARKETING_VERSION = 1.0;
				PRODUCT_BUNDLE_IDENTIFIER = "com.ugrcaan.MLC-Waikiki";
				PRODUCT_NAME = "$(TARGET_NAME)";
				SWIFT_EMIT_LOC_STRINGS = YES;
				SWIFT_VERSION = 5.0;
				TARGETED_DEVICE_FAMILY = "1,2";
			};
			name = Debug;
		};
		DF19A97829575AF30082395A /* Release */ = {
			isa = XCBuildConfiguration;
			buildSettings = {
				ASSETCATALOG_COMPILER_APPICON_NAME = AppIcon;
				ASSETCATALOG_COMPILER_GLOBAL_ACCENT_COLOR_NAME = AccentColor;
				CODE_SIGN_STYLE = Automatic;
				CURRENT_PROJECT_VERSION = 1;
				GENERATE_INFOPLIST_FILE = YES;
				INFOPLIST_FILE = "MLC Waikiki/Info.plist";
				INFOPLIST_KEY_UIApplicationSupportsIndirectInputEvents = YES;
				INFOPLIST_KEY_UILaunchStoryboardName = LaunchScreen;
				INFOPLIST_KEY_UIMainStoryboardFile = Main;
				INFOPLIST_KEY_UISupportedInterfaceOrientations_iPad = "UIInterfaceOrientationPortrait UIInterfaceOrientationPortraitUpsideDown UIInterfaceOrientationLandscapeLeft UIInterfaceOrientationLandscapeRight";
				INFOPLIST_KEY_UISupportedInterfaceOrientations_iPhone = "UIInterfaceOrientationPortrait UIInterfaceOrientationLandscapeLeft UIInterfaceOrientationLandscapeRight";
				LD_RUNPATH_SEARCH_PATHS = (
					"$(inherited)",
					"@executable_path/Frameworks",
				);
				MARKETING_VERSION = 1.0;
				PRODUCT_BUNDLE_IDENTIFIER = "com.ugrcaan.MLC-Waikiki";
				PRODUCT_NAME = "$(TARGET_NAME)";
				SWIFT_EMIT_LOC_STRINGS = YES;
				SWIFT_VERSION = 5.0;
				TARGETED_DEVICE_FAMILY = "1,2";
			};
			name = Release;
		};
/* End XCBuildConfiguration section */

/* Begin XCConfigurationList section */
		DF19A95A29575AF20082395A /* Build configuration list for PBXProject "Project H" */ = {
			isa = XCConfigurationList;
			buildConfigurations = (
				DF19A97429575AF30082395A /* Debug */,
				DF19A97529575AF30082395A /* Release */,
			);
			defaultConfigurationIsVisible = 0;
			defaultConfigurationName = Release;
		};
		DF19A97629575AF30082395A /* Build configuration list for PBXNativeTarget "Project H" */ = {
			isa = XCConfigurationList;
			buildConfigurations = (
				DF19A97729575AF30082395A /* Debug */,
				DF19A97829575AF30082395A /* Release */,
			);
			defaultConfigurationIsVisible = 0;
			defaultConfigurationName = Release;
		};
/* End XCConfigurationList section */

/* Begin XCRemoteSwiftPackageReference section */
		DF4CECD229577B2F002D194D /* XCRemoteSwiftPackageReference "Alamofire" */ = {
			isa = XCRemoteSwiftPackageReference;
			repositoryURL = "https://github.com/Alamofire/Alamofire.git";
			requirement = {
				kind = upToNextMajorVersion;
				minimumVersion = 5.0.0;
			};
		};
/* End XCRemoteSwiftPackageReference section */

/* Begin XCSwiftPackageProductDependency section */
		DF4CECD329577B2F002D194D /* Alamofire */ = {
			isa = XCSwiftPackageProductDependency;
			package = DF4CECD229577B2F002D194D /* XCRemoteSwiftPackageReference "Alamofire" */;
			productName = Alamofire;
		};
/* End XCSwiftPackageProductDependency section */

/* Begin XCVersionGroup section */
		DF19A96B29575AF20082395A /* MLC_Waikiki.xcdatamodeld */ = {
			isa = XCVersionGroup;
			children = (
				DF19A96C29575AF20082395A /* MLC_Waikiki.xcdatamodel */,
			);
			currentVersion = DF19A96C29575AF20082395A /* MLC_Waikiki.xcdatamodel */;
			path = MLC_Waikiki.xcdatamodeld;
			sourceTree = "<group>";
			versionGroupType = wrapper.xcdatamodel;
		};
/* End XCVersionGroup section */
	};
	rootObject = DF19A95729575AF20082395A /* Project object */;
}
